
Microsoft Visual Studio Solution File, Format Version 12.00
Project("{FAE04EC0-301F-11D3-BF4B-00C04F79EFBC}") = "BankingSystemOperations.Api", "src\BankingSystemOperations.Api\BankingSystemOperations.Api.csproj", "{95883292-5C8E-46B2-8AAA-5BD93CBA859D}"
EndProject
Project("{FAE04EC0-301F-11D3-BF4B-00C04F79EFBC}") = "BankingSystemOperations.Data", "src\BankingSystemOperations.Data\BankingSystemOperations.Data.csproj", "{0D11C582-4518-4BE5-BF64-14A6914845AA}"
EndProject
Project("{FAE04EC0-301F-11D3-BF4B-00C04F79EFBC}") = "BankingSystemOperations.Services", "src\BankingSystemOperations.Services\BankingSystemOperations.Services.csproj", "{371F7E4E-5C4E-49BB-B814-F71DE728604E}"
EndProject
Global
	GlobalSection(SolutionConfigurationPlatforms) = preSolution
		Debug|Any CPU = Debug|Any CPU
		Release|Any CPU = Release|Any CPU
	EndGlobalSection
	GlobalSection(ProjectConfigurationPlatforms) = postSolution
		{95883292-5C8E-46B2-8AAA-5BD93CBA859D}.Debug|Any CPU.ActiveCfg = Debug|Any CPU
		{95883292-5C8E-46B2-8AAA-5BD93CBA859D}.Debug|Any CPU.Build.0 = Debug|Any CPU
		{95883292-5C8E-46B2-8AAA-5BD93CBA859D}.Release|Any CPU.ActiveCfg = Release|Any CPU
		{95883292-5C8E-46B2-8AAA-5BD93CBA859D}.Release|Any CPU.Build.0 = Release|Any CPU
		{0D11C582-4518-4BE5-BF64-14A6914845AA}.Debug|Any CPU.ActiveCfg = Debug|Any CPU
		{0D11C582-4518-4BE5-BF64-14A6914845AA}.Debug|Any CPU.Build.0 = Debug|Any CPU
		{0D11C582-4518-4BE5-BF64-14A6914845AA}.Release|Any CPU.ActiveCfg = Release|Any CPU
		{0D11C582-4518-4BE5-BF64-14A6914845AA}.Release|Any CPU.Build.0 = Release|Any CPU
		{371F7E4E-5C4E-49BB-B814-F71DE728604E}.Debug|Any CPU.ActiveCfg = Debug|Any CPU
		{371F7E4E-5C4E-49BB-B814-F71DE728604E}.Debug|Any CPU.Build.0 = Debug|Any CPU
		{371F7E4E-5C4E-49BB-B814-F71DE728604E}.Release|Any CPU.ActiveCfg = Release|Any CPU
		{371F7E4E-5C4E-49BB-B814-F71DE728604E}.Release|Any CPU.Build.0 = Release|Any CPU
	EndGlobalSection
EndGlobal
